
Microsoft Visual Studio Solution File, Format Version 12.00
# Visual Studio 15
VisualStudioVersion = 15.0.27004.2008
MinimumVisualStudioVersion = 10.0.40219.1
Project("{9A19103F-16F7-4668-BE54-9A1E7A4F7556}") = "FeralExpressions.Generator", "FeralExpressions.Generator\FeralExpressions.Generator.csproj", "{62014D5D-54B1-4B40-9080-47C1C5C6F117}"
EndProject
Project("{FAE04EC0-301F-11D3-BF4B-00C04F79EFBC}") = "FeralExpressions.Generator.Tests", "FeralExpressions.Generator.Tests\FeralExpressions.Generator.Tests.csproj", "{A59B6B97-03B2-4DF9-B587-826C10208427}"
EndProject
Project("{FAE04EC0-301F-11D3-BF4B-00C04F79EFBC}") = "FeralExpressions.TestHarness", "FeralExpressions.TestHarness\FeralExpressions.TestHarness.csproj", "{E9A1803A-4A09-4461-BCEF-EE10DA4100F5}"
EndProject
Project("{9A19103F-16F7-4668-BE54-9A1E7A4F7556}") = "FeralExpressions", "FeralExpressions\FeralExpressions.csproj", "{F4CBEAE1-F2D3-453A-BC6E-B8F7AF65D8DF}"
EndProject
Project("{2150E333-8FDC-42A3-9474-1A3956D46DE8}") = "Solution Items", "Solution Items", "{04AB3CBD-23F6-473D-8E0F-339ACDCC2CE6}"
	ProjectSection(SolutionItems) = preProject
		build_nuget.cmd = build_nuget.cmd
	EndProjectSection
EndProject
Global
	GlobalSection(SolutionConfigurationPlatforms) = preSolution
		Debug|Any CPU = Debug|Any CPU
		Debug|x86 = Debug|x86
		Release_45|Any CPU = Release_45|Any CPU
		Release_45|x86 = Release_45|x86
		Release_451|Any CPU = Release_451|Any CPU
		Release_451|x86 = Release_451|x86
		Release_452|Any CPU = Release_452|Any CPU
		Release_452|x86 = Release_452|x86
		Release_46|Any CPU = Release_46|Any CPU
		Release_46|x86 = Release_46|x86
		Release_461|Any CPU = Release_461|Any CPU
		Release_461|x86 = Release_461|x86
		Release_462|Any CPU = Release_462|Any CPU
		Release_462|x86 = Release_462|x86
		Release_netcore10|Any CPU = Release_netcore10|Any CPU
		Release_netcore10|x86 = Release_netcore10|x86
		Release_netcore11|Any CPU = Release_netcore11|Any CPU
		Release_netcore11|x86 = Release_netcore11|x86
		Release_netcore20|Any CPU = Release_netcore20|Any CPU
		Release_netcore20|x86 = Release_netcore20|x86
		Release|Any CPU = Release|Any CPU
		Release|x86 = Release|x86
	EndGlobalSection
	GlobalSection(ProjectConfigurationPlatforms) = postSolution
		{62014D5D-54B1-4B40-9080-47C1C5C6F117}.Debug|Any CPU.ActiveCfg = Debug|x86
		{62014D5D-54B1-4B40-9080-47C1C5C6F117}.Debug|x86.ActiveCfg = Debug|x86
		{62014D5D-54B1-4B40-9080-47C1C5C6F117}.Debug|x86.Build.0 = Debug|x86
		{62014D5D-54B1-4B40-9080-47C1C5C6F117}.Release_45|Any CPU.ActiveCfg = Release_45|x86
		{62014D5D-54B1-4B40-9080-47C1C5C6F117}.Release_45|Any CPU.Build.0 = Release_45|x86
		{62014D5D-54B1-4B40-9080-47C1C5C6F117}.Release_45|x86.ActiveCfg = Release_45|x86
		{62014D5D-54B1-4B40-9080-47C1C5C6F117}.Release_45|x86.Build.0 = Release_45|x86
		{62014D5D-54B1-4B40-9080-47C1C5C6F117}.Release_451|Any CPU.ActiveCfg = Release_451|x86
		{62014D5D-54B1-4B40-9080-47C1C5C6F117}.Release_451|Any CPU.Build.0 = Release_451|x86
		{62014D5D-54B1-4B40-9080-47C1C5C6F117}.Release_451|x86.ActiveCfg = Release_451|x86
		{62014D5D-54B1-4B40-9080-47C1C5C6F117}.Release_451|x86.Build.0 = Release_451|x86
		{62014D5D-54B1-4B40-9080-47C1C5C6F117}.Release_452|Any CPU.ActiveCfg = Release_452|x86
		{62014D5D-54B1-4B40-9080-47C1C5C6F117}.Release_452|Any CPU.Build.0 = Release_452|x86
		{62014D5D-54B1-4B40-9080-47C1C5C6F117}.Release_452|x86.ActiveCfg = Release_452|x86
		{62014D5D-54B1-4B40-9080-47C1C5C6F117}.Release_452|x86.Build.0 = Release_452|x86
		{62014D5D-54B1-4B40-9080-47C1C5C6F117}.Release_46|Any CPU.ActiveCfg = Release_46|x86
		{62014D5D-54B1-4B40-9080-47C1C5C6F117}.Release_46|Any CPU.Build.0 = Release_46|x86
		{62014D5D-54B1-4B40-9080-47C1C5C6F117}.Release_46|x86.ActiveCfg = Release_46|x86
		{62014D5D-54B1-4B40-9080-47C1C5C6F117}.Release_46|x86.Build.0 = Release_46|x86
		{62014D5D-54B1-4B40-9080-47C1C5C6F117}.Release_461|Any CPU.ActiveCfg = Release_461|x86
		{62014D5D-54B1-4B40-9080-47C1C5C6F117}.Release_461|Any CPU.Build.0 = Release_461|x86
		{62014D5D-54B1-4B40-9080-47C1C5C6F117}.Release_461|x86.ActiveCfg = Release_461|x86
		{62014D5D-54B1-4B40-9080-47C1C5C6F117}.Release_461|x86.Build.0 = Release_461|x86
		{62014D5D-54B1-4B40-9080-47C1C5C6F117}.Release_462|Any CPU.ActiveCfg = Release_462|x86
		{62014D5D-54B1-4B40-9080-47C1C5C6F117}.Release_462|Any CPU.Build.0 = Release_462|x86
		{62014D5D-54B1-4B40-9080-47C1C5C6F117}.Release_462|x86.ActiveCfg = Release_462|x86
		{62014D5D-54B1-4B40-9080-47C1C5C6F117}.Release_462|x86.Build.0 = Release_462|x86
		{62014D5D-54B1-4B40-9080-47C1C5C6F117}.Release_netcore10|Any CPU.ActiveCfg = Release_netcore10|x86
		{62014D5D-54B1-4B40-9080-47C1C5C6F117}.Release_netcore10|Any CPU.Build.0 = Release_netcore10|x86
		{62014D5D-54B1-4B40-9080-47C1C5C6F117}.Release_netcore10|x86.ActiveCfg = Release_netcore10|x86
		{62014D5D-54B1-4B40-9080-47C1C5C6F117}.Release_netcore10|x86.Build.0 = Release_netcore10|x86
		{62014D5D-54B1-4B40-9080-47C1C5C6F117}.Release_netcore11|Any CPU.ActiveCfg = Release_netcore11|x86
		{62014D5D-54B1-4B40-9080-47C1C5C6F117}.Release_netcore11|Any CPU.Build.0 = Release_netcore11|x86
		{62014D5D-54B1-4B40-9080-47C1C5C6F117}.Release_netcore11|x86.ActiveCfg = Release_netcore11|x86
		{62014D5D-54B1-4B40-9080-47C1C5C6F117}.Release_netcore11|x86.Build.0 = Release_netcore11|x86
		{62014D5D-54B1-4B40-9080-47C1C5C6F117}.Release_netcore20|Any CPU.ActiveCfg = Release_netcore20|x86
		{62014D5D-54B1-4B40-9080-47C1C5C6F117}.Release_netcore20|Any CPU.Build.0 = Release_netcore20|x86
		{62014D5D-54B1-4B40-9080-47C1C5C6F117}.Release_netcore20|x86.ActiveCfg = Release_netcore20|x86
		{62014D5D-54B1-4B40-9080-47C1C5C6F117}.Release_netcore20|x86.Build.0 = Release_netcore20|x86
		{62014D5D-54B1-4B40-9080-47C1C5C6F117}.Release|Any CPU.ActiveCfg = Release|x86
		{62014D5D-54B1-4B40-9080-47C1C5C6F117}.Release|x86.ActiveCfg = Release|x86
		{62014D5D-54B1-4B40-9080-47C1C5C6F117}.Release|x86.Build.0 = Release|x86
		{A59B6B97-03B2-4DF9-B587-826C10208427}.Debug|Any CPU.ActiveCfg = Debug|Any CPU
		{A59B6B97-03B2-4DF9-B587-826C10208427}.Debug|Any CPU.Build.0 = Debug|Any CPU
		{A59B6B97-03B2-4DF9-B587-826C10208427}.Debug|x86.ActiveCfg = Debug|Any CPU
		{A59B6B97-03B2-4DF9-B587-826C10208427}.Debug|x86.Build.0 = Debug|Any CPU
		{A59B6B97-03B2-4DF9-B587-826C10208427}.Release_45|Any CPU.ActiveCfg = Release|Any CPU
		{A59B6B97-03B2-4DF9-B587-826C10208427}.Release_45|Any CPU.Build.0 = Release|Any CPU
		{A59B6B97-03B2-4DF9-B587-826C10208427}.Release_45|x86.ActiveCfg = Release_45|Any CPU
		{A59B6B97-03B2-4DF9-B587-826C10208427}.Release_45|x86.Build.0 = Release_45|Any CPU
		{A59B6B97-03B2-4DF9-B587-826C10208427}.Release_451|Any CPU.ActiveCfg = Release|Any CPU
		{A59B6B97-03B2-4DF9-B587-826C10208427}.Release_451|Any CPU.Build.0 = Release|Any CPU
		{A59B6B97-03B2-4DF9-B587-826C10208427}.Release_451|x86.ActiveCfg = Release_451|Any CPU
		{A59B6B97-03B2-4DF9-B587-826C10208427}.Release_451|x86.Build.0 = Release_451|Any CPU
		{A59B6B97-03B2-4DF9-B587-826C10208427}.Release_452|Any CPU.ActiveCfg = Release|Any CPU
		{A59B6B97-03B2-4DF9-B587-826C10208427}.Release_452|Any CPU.Build.0 = Release|Any CPU
		{A59B6B97-03B2-4DF9-B587-826C10208427}.Release_452|x86.ActiveCfg = Release_452|Any CPU
		{A59B6B97-03B2-4DF9-B587-826C10208427}.Release_452|x86.Build.0 = Release_452|Any CPU
		{A59B6B97-03B2-4DF9-B587-826C10208427}.Release_46|Any CPU.ActiveCfg = Release|Any CPU
		{A59B6B97-03B2-4DF9-B587-826C10208427}.Release_46|Any CPU.Build.0 = Release|Any CPU
		{A59B6B97-03B2-4DF9-B587-826C10208427}.Release_46|x86.ActiveCfg = Release_46|Any CPU
		{A59B6B97-03B2-4DF9-B587-826C10208427}.Release_46|x86.Build.0 = Release_46|Any CPU
		{A59B6B97-03B2-4DF9-B587-826C10208427}.Release_461|Any CPU.ActiveCfg = Release|Any CPU
		{A59B6B97-03B2-4DF9-B587-826C10208427}.Release_461|Any CPU.Build.0 = Release|Any CPU
		{A59B6B97-03B2-4DF9-B587-826C10208427}.Release_461|x86.ActiveCfg = Release_461|Any CPU
		{A59B6B97-03B2-4DF9-B587-826C10208427}.Release_461|x86.Build.0 = Release_461|Any CPU
		{A59B6B97-03B2-4DF9-B587-826C10208427}.Release_462|Any CPU.ActiveCfg = Release|Any CPU
		{A59B6B97-03B2-4DF9-B587-826C10208427}.Release_462|Any CPU.Build.0 = Release|Any CPU
		{A59B6B97-03B2-4DF9-B587-826C10208427}.Release_462|x86.ActiveCfg = Release_462|Any CPU
		{A59B6B97-03B2-4DF9-B587-826C10208427}.Release_462|x86.Build.0 = Release_462|Any CPU
		{A59B6B97-03B2-4DF9-B587-826C10208427}.Release_netcore10|Any CPU.ActiveCfg = Release|Any CPU
		{A59B6B97-03B2-4DF9-B587-826C10208427}.Release_netcore10|Any CPU.Build.0 = Release|Any CPU
		{A59B6B97-03B2-4DF9-B587-826C10208427}.Release_netcore10|x86.ActiveCfg = Release_462|Any CPU
		{A59B6B97-03B2-4DF9-B587-826C10208427}.Release_netcore10|x86.Build.0 = Release_462|Any CPU
		{A59B6B97-03B2-4DF9-B587-826C10208427}.Release_netcore11|Any CPU.ActiveCfg = Release|Any CPU
		{A59B6B97-03B2-4DF9-B587-826C10208427}.Release_netcore11|Any CPU.Build.0 = Release|Any CPU
		{A59B6B97-03B2-4DF9-B587-826C10208427}.Release_netcore11|x86.ActiveCfg = Release_462|Any CPU
		{A59B6B97-03B2-4DF9-B587-826C10208427}.Release_netcore11|x86.Build.0 = Release_462|Any CPU
		{A59B6B97-03B2-4DF9-B587-826C10208427}.Release_netcore20|Any CPU.ActiveCfg = Release|Any CPU
		{A59B6B97-03B2-4DF9-B587-826C10208427}.Release_netcore20|Any CPU.Build.0 = Release|Any CPU
		{A59B6B97-03B2-4DF9-B587-826C10208427}.Release_netcore20|x86.ActiveCfg = Release_462|Any CPU
		{A59B6B97-03B2-4DF9-B587-826C10208427}.Release_netcore20|x86.Build.0 = Release_462|Any CPU
		{A59B6B97-03B2-4DF9-B587-826C10208427}.Release|Any CPU.ActiveCfg = Release|Any CPU
		{A59B6B97-03B2-4DF9-B587-826C10208427}.Release|Any CPU.Build.0 = Release|Any CPU
		{A59B6B97-03B2-4DF9-B587-826C10208427}.Release|x86.ActiveCfg = Release|Any CPU
		{A59B6B97-03B2-4DF9-B587-826C10208427}.Release|x86.Build.0 = Release|Any CPU
		{E9A1803A-4A09-4461-BCEF-EE10DA4100F5}.Debug|Any CPU.ActiveCfg = Debug|Any CPU
		{E9A1803A-4A09-4461-BCEF-EE10DA4100F5}.Debug|Any CPU.Build.0 = Debug|Any CPU
		{E9A1803A-4A09-4461-BCEF-EE10DA4100F5}.Debug|x86.ActiveCfg = Debug|Any CPU
		{E9A1803A-4A09-4461-BCEF-EE10DA4100F5}.Debug|x86.Build.0 = Debug|Any CPU
		{E9A1803A-4A09-4461-BCEF-EE10DA4100F5}.Release_45|Any CPU.ActiveCfg = Release|Any CPU
		{E9A1803A-4A09-4461-BCEF-EE10DA4100F5}.Release_45|x86.ActiveCfg = Release|Any CPU
		{E9A1803A-4A09-4461-BCEF-EE10DA4100F5}.Release_451|Any CPU.ActiveCfg = Release|Any CPU
		{E9A1803A-4A09-4461-BCEF-EE10DA4100F5}.Release_451|x86.ActiveCfg = Release|Any CPU
		{E9A1803A-4A09-4461-BCEF-EE10DA4100F5}.Release_452|Any CPU.ActiveCfg = Release|Any CPU
		{E9A1803A-4A09-4461-BCEF-EE10DA4100F5}.Release_452|x86.ActiveCfg = Release|Any CPU
		{E9A1803A-4A09-4461-BCEF-EE10DA4100F5}.Release_46|Any CPU.ActiveCfg = Release|Any CPU
		{E9A1803A-4A09-4461-BCEF-EE10DA4100F5}.Release_46|x86.ActiveCfg = Release|Any CPU
		{E9A1803A-4A09-4461-BCEF-EE10DA4100F5}.Release_461|Any CPU.ActiveCfg = Release|Any CPU
		{E9A1803A-4A09-4461-BCEF-EE10DA4100F5}.Release_461|x86.ActiveCfg = Release|Any CPU
		{E9A1803A-4A09-4461-BCEF-EE10DA4100F5}.Release_462|Any CPU.ActiveCfg = Release|Any CPU
		{E9A1803A-4A09-4461-BCEF-EE10DA4100F5}.Release_462|x86.ActiveCfg = Release|Any CPU
		{E9A1803A-4A09-4461-BCEF-EE10DA4100F5}.Release_netcore10|Any CPU.ActiveCfg = Release|Any CPU
		{E9A1803A-4A09-4461-BCEF-EE10DA4100F5}.Release_netcore10|x86.ActiveCfg = Release|Any CPU
		{E9A1803A-4A09-4461-BCEF-EE10DA4100F5}.Release_netcore11|Any CPU.ActiveCfg = Release|Any CPU
		{E9A1803A-4A09-4461-BCEF-EE10DA4100F5}.Release_netcore11|x86.ActiveCfg = Release|Any CPU
		{E9A1803A-4A09-4461-BCEF-EE10DA4100F5}.Release_netcore20|Any CPU.ActiveCfg = Release|Any CPU
		{E9A1803A-4A09-4461-BCEF-EE10DA4100F5}.Release_netcore20|x86.ActiveCfg = Release|Any CPU
		{E9A1803A-4A09-4461-BCEF-EE10DA4100F5}.Release|Any CPU.ActiveCfg = Release|Any CPU
		{E9A1803A-4A09-4461-BCEF-EE10DA4100F5}.Release|Any CPU.Build.0 = Release|Any CPU
		{E9A1803A-4A09-4461-BCEF-EE10DA4100F5}.Release|x86.ActiveCfg = Release|Any CPU
		{E9A1803A-4A09-4461-BCEF-EE10DA4100F5}.Release|x86.Build.0 = Release|Any CPU
		{F4CBEAE1-F2D3-453A-BC6E-B8F7AF65D8DF}.Debug|Any CPU.ActiveCfg = Release_462|Any CPU
		{F4CBEAE1-F2D3-453A-BC6E-B8F7AF65D8DF}.Debug|Any CPU.Build.0 = Release_462|Any CPU
		{F4CBEAE1-F2D3-453A-BC6E-B8F7AF65D8DF}.Debug|x86.ActiveCfg = Debug|x86
		{F4CBEAE1-F2D3-453A-BC6E-B8F7AF65D8DF}.Debug|x86.Build.0 = Debug|x86
		{F4CBEAE1-F2D3-453A-BC6E-B8F7AF65D8DF}.Release_45|Any CPU.ActiveCfg = Release_45|Any CPU
		{F4CBEAE1-F2D3-453A-BC6E-B8F7AF65D8DF}.Release_45|Any CPU.Build.0 = Release_45|Any CPU
		{F4CBEAE1-F2D3-453A-BC6E-B8F7AF65D8DF}.Release_45|x86.ActiveCfg = Release_45|x86
		{F4CBEAE1-F2D3-453A-BC6E-B8F7AF65D8DF}.Release_45|x86.Build.0 = Release_45|x86
		{F4CBEAE1-F2D3-453A-BC6E-B8F7AF65D8DF}.Release_451|Any CPU.ActiveCfg = Release_451|Any CPU
		{F4CBEAE1-F2D3-453A-BC6E-B8F7AF65D8DF}.Release_451|Any CPU.Build.0 = Release_451|Any CPU
		{F4CBEAE1-F2D3-453A-BC6E-B8F7AF65D8DF}.Release_451|x86.ActiveCfg = Release_451|x86
		{F4CBEAE1-F2D3-453A-BC6E-B8F7AF65D8DF}.Release_451|x86.Build.0 = Release_451|x86
		{F4CBEAE1-F2D3-453A-BC6E-B8F7AF65D8DF}.Release_452|Any CPU.ActiveCfg = Release_452|Any CPU
		{F4CBEAE1-F2D3-453A-BC6E-B8F7AF65D8DF}.Release_452|Any CPU.Build.0 = Release_452|Any CPU
		{F4CBEAE1-F2D3-453A-BC6E-B8F7AF65D8DF}.Release_452|x86.ActiveCfg = Release_452|x86
		{F4CBEAE1-F2D3-453A-BC6E-B8F7AF65D8DF}.Release_452|x86.Build.0 = Release_452|x86
		{F4CBEAE1-F2D3-453A-BC6E-B8F7AF65D8DF}.Release_46|Any CPU.ActiveCfg = Release_46|Any CPU
		{F4CBEAE1-F2D3-453A-BC6E-B8F7AF65D8DF}.Release_46|Any CPU.Build.0 = Release_46|Any CPU
		{F4CBEAE1-F2D3-453A-BC6E-B8F7AF65D8DF}.Release_46|x86.ActiveCfg = Release_46|x86
		{F4CBEAE1-F2D3-453A-BC6E-B8F7AF65D8DF}.Release_46|x86.Build.0 = Release_46|x86
		{F4CBEAE1-F2D3-453A-BC6E-B8F7AF65D8DF}.Release_461|Any CPU.ActiveCfg = Release_461|Any CPU
		{F4CBEAE1-F2D3-453A-BC6E-B8F7AF65D8DF}.Release_461|Any CPU.Build.0 = Release_461|Any CPU
		{F4CBEAE1-F2D3-453A-BC6E-B8F7AF65D8DF}.Release_461|x86.ActiveCfg = Release_461|x86
		{F4CBEAE1-F2D3-453A-BC6E-B8F7AF65D8DF}.Release_461|x86.Build.0 = Release_461|x86
		{F4CBEAE1-F2D3-453A-BC6E-B8F7AF65D8DF}.Release_462|Any CPU.ActiveCfg = Release_462|Any CPU
		{F4CBEAE1-F2D3-453A-BC6E-B8F7AF65D8DF}.Release_462|Any CPU.Build.0 = Release_462|Any CPU
		{F4CBEAE1-F2D3-453A-BC6E-B8F7AF65D8DF}.Release_462|x86.ActiveCfg = Release_462|x86
		{F4CBEAE1-F2D3-453A-BC6E-B8F7AF65D8DF}.Release_462|x86.Build.0 = Release_462|x86
		{F4CBEAE1-F2D3-453A-BC6E-B8F7AF65D8DF}.Release_netcore10|Any CPU.ActiveCfg = Release_netcore10|Any CPU
		{F4CBEAE1-F2D3-453A-BC6E-B8F7AF65D8DF}.Release_netcore10|Any CPU.Build.0 = Release_netcore10|Any CPU
		{F4CBEAE1-F2D3-453A-BC6E-B8F7AF65D8DF}.Release_netcore10|x86.ActiveCfg = Release_netcore10|x86
		{F4CBEAE1-F2D3-453A-BC6E-B8F7AF65D8DF}.Release_netcore10|x86.Build.0 = Release_netcore10|x86
		{F4CBEAE1-F2D3-453A-BC6E-B8F7AF65D8DF}.Release_netcore11|Any CPU.ActiveCfg = Release_netcore11|Any CPU
		{F4CBEAE1-F2D3-453A-BC6E-B8F7AF65D8DF}.Release_netcore11|Any CPU.Build.0 = Release_netcore11|Any CPU
		{F4CBEAE1-F2D3-453A-BC6E-B8F7AF65D8DF}.Release_netcore11|x86.ActiveCfg = Release_netcore11|x86
		{F4CBEAE1-F2D3-453A-BC6E-B8F7AF65D8DF}.Release_netcore11|x86.Build.0 = Release_netcore11|x86
		{F4CBEAE1-F2D3-453A-BC6E-B8F7AF65D8DF}.Release_netcore20|Any CPU.ActiveCfg = Release_netcore20|Any CPU
		{F4CBEAE1-F2D3-453A-BC6E-B8F7AF65D8DF}.Release_netcore20|Any CPU.Build.0 = Release_netcore20|Any CPU
		{F4CBEAE1-F2D3-453A-BC6E-B8F7AF65D8DF}.Release_netcore20|x86.ActiveCfg = Release_netcore20|x86
		{F4CBEAE1-F2D3-453A-BC6E-B8F7AF65D8DF}.Release_netcore20|x86.Build.0 = Release_netcore20|x86
		{F4CBEAE1-F2D3-453A-BC6E-B8F7AF65D8DF}.Release|Any CPU.ActiveCfg = Release_462|Any CPU
		{F4CBEAE1-F2D3-453A-BC6E-B8F7AF65D8DF}.Release|Any CPU.Build.0 = Release_462|Any CPU
		{F4CBEAE1-F2D3-453A-BC6E-B8F7AF65D8DF}.Release|x86.ActiveCfg = Release|x86
		{F4CBEAE1-F2D3-453A-BC6E-B8F7AF65D8DF}.Release|x86.Build.0 = Release|x86
	EndGlobalSection
	GlobalSection(SolutionProperties) = preSolution
		HideSolutionNode = FALSE
	EndGlobalSection
	GlobalSection(ExtensibilityGlobals) = postSolution
		SolutionGuid = {3AD97570-7672-4FE1-AB97-E26EAA2432F2}
	EndGlobalSection
EndGlobal
