
Microsoft Visual Studio Solution File, Format Version 12.00
# Visual Studio 15
VisualStudioVersion = 15.0.26430.16
MinimumVisualStudioVersion = 10.0.40219.1
Project("{FAE04EC0-301F-11D3-BF4B-00C04F79EFBC}") = "FeralExpressions.Generator", "FeralExpressions.Generator\FeralExpressions.Generator.csproj", "{62014D5D-54B1-4B40-9080-47C1C5C6F117}"
EndProject
Project("{FAE04EC0-301F-11D3-BF4B-00C04F79EFBC}") = "FeralExpressions.Generator.Tests", "FeralExpressions.Generator.Tests\FeralExpressions.Generator.Tests.csproj", "{A59B6B97-03B2-4DF9-B587-826C10208427}"
EndProject
Project("{FAE04EC0-301F-11D3-BF4B-00C04F79EFBC}") = "FeralExpressions.TestHarness", "FeralExpressions.TestHarness\FeralExpressions.TestHarness.csproj", "{E9A1803A-4A09-4461-BCEF-EE10DA4100F5}"
EndProject
Project("{FAE04EC0-301F-11D3-BF4B-00C04F79EFBC}") = "FeralExpressions", "FeralExpressions\FeralExpressions.csproj", "{F4CBEAE1-F2D3-453A-BC6E-B8F7AF65D8DF}"
EndProject
Project("{2150E333-8FDC-42A3-9474-1A3956D46DE8}") = "Solution Items", "Solution Items", "{04AB3CBD-23F6-473D-8E0F-339ACDCC2CE6}"
	ProjectSection(SolutionItems) = preProject
		build_nuget.cmd = build_nuget.cmd
	EndProjectSection
EndProject
Global
	GlobalSection(SolutionConfigurationPlatforms) = preSolution
		Debug|Any CPU = Debug|Any CPU
		Debug|x86 = Debug|x86
		Release|Any CPU = Release|Any CPU
		Release|x86 = Release|x86
	EndGlobalSection
	GlobalSection(ProjectConfigurationPlatforms) = postSolution
		{62014D5D-54B1-4B40-9080-47C1C5C6F117}.Debug|Any CPU.ActiveCfg = Debug|Any CPU
		{62014D5D-54B1-4B40-9080-47C1C5C6F117}.Debug|Any CPU.Build.0 = Debug|Any CPU
		{62014D5D-54B1-4B40-9080-47C1C5C6F117}.Debug|x86.ActiveCfg = Debug|x86
		{62014D5D-54B1-4B40-9080-47C1C5C6F117}.Debug|x86.Build.0 = Debug|x86
		{62014D5D-54B1-4B40-9080-47C1C5C6F117}.Release|Any CPU.ActiveCfg = Release|Any CPU
		{62014D5D-54B1-4B40-9080-47C1C5C6F117}.Release|Any CPU.Build.0 = Release|Any CPU
		{62014D5D-54B1-4B40-9080-47C1C5C6F117}.Release|x86.ActiveCfg = Release|x86
		{62014D5D-54B1-4B40-9080-47C1C5C6F117}.Release|x86.Build.0 = Release|x86
		{A59B6B97-03B2-4DF9-B587-826C10208427}.Debug|Any CPU.ActiveCfg = Debug|Any CPU
		{A59B6B97-03B2-4DF9-B587-826C10208427}.Debug|Any CPU.Build.0 = Debug|Any CPU
		{A59B6B97-03B2-4DF9-B587-826C10208427}.Debug|x86.ActiveCfg = Debug|Any CPU
		{A59B6B97-03B2-4DF9-B587-826C10208427}.Debug|x86.Build.0 = Debug|Any CPU
		{A59B6B97-03B2-4DF9-B587-826C10208427}.Release|Any CPU.ActiveCfg = Release|Any CPU
		{A59B6B97-03B2-4DF9-B587-826C10208427}.Release|Any CPU.Build.0 = Release|Any CPU
		{A59B6B97-03B2-4DF9-B587-826C10208427}.Release|x86.ActiveCfg = Release|Any CPU
		{A59B6B97-03B2-4DF9-B587-826C10208427}.Release|x86.Build.0 = Release|Any CPU
		{E9A1803A-4A09-4461-BCEF-EE10DA4100F5}.Debug|Any CPU.ActiveCfg = Debug|Any CPU
		{E9A1803A-4A09-4461-BCEF-EE10DA4100F5}.Debug|Any CPU.Build.0 = Debug|Any CPU
		{E9A1803A-4A09-4461-BCEF-EE10DA4100F5}.Debug|x86.ActiveCfg = Debug|Any CPU
		{E9A1803A-4A09-4461-BCEF-EE10DA4100F5}.Debug|x86.Build.0 = Debug|Any CPU
		{E9A1803A-4A09-4461-BCEF-EE10DA4100F5}.Release|Any CPU.ActiveCfg = Release|Any CPU
		{E9A1803A-4A09-4461-BCEF-EE10DA4100F5}.Release|Any CPU.Build.0 = Release|Any CPU
		{E9A1803A-4A09-4461-BCEF-EE10DA4100F5}.Release|x86.ActiveCfg = Release|Any CPU
		{E9A1803A-4A09-4461-BCEF-EE10DA4100F5}.Release|x86.Build.0 = Release|Any CPU
		{F4CBEAE1-F2D3-453A-BC6E-B8F7AF65D8DF}.Debug|Any CPU.ActiveCfg = Debug|Any CPU
		{F4CBEAE1-F2D3-453A-BC6E-B8F7AF65D8DF}.Debug|Any CPU.Build.0 = Debug|Any CPU
		{F4CBEAE1-F2D3-453A-BC6E-B8F7AF65D8DF}.Debug|x86.ActiveCfg = Debug|Any CPU
		{F4CBEAE1-F2D3-453A-BC6E-B8F7AF65D8DF}.Debug|x86.Build.0 = Debug|Any CPU
		{F4CBEAE1-F2D3-453A-BC6E-B8F7AF65D8DF}.Release|Any CPU.ActiveCfg = Release|Any CPU
		{F4CBEAE1-F2D3-453A-BC6E-B8F7AF65D8DF}.Release|Any CPU.Build.0 = Release|Any CPU
		{F4CBEAE1-F2D3-453A-BC6E-B8F7AF65D8DF}.Release|x86.ActiveCfg = Release|Any CPU
		{F4CBEAE1-F2D3-453A-BC6E-B8F7AF65D8DF}.Release|x86.Build.0 = Release|Any CPU
	EndGlobalSection
	GlobalSection(SolutionProperties) = preSolution
		HideSolutionNode = FALSE
	EndGlobalSection
EndGlobal
